
Microsoft Visual Studio Solution File, Format Version 12.00
# Visual Studio Version 17
VisualStudioVersion = 17.8.34525.116
MinimumVisualStudioVersion = 10.0.40219.1
Project("{FAE04EC0-301F-11D3-BF4B-00C04F79EFBC}") = "renomi.Server", "renomi.Server\renomi.Server.csproj", "{9880307C-BC90-41FF-A1A1-6E834827DB8A}"
EndProject
Project("{54A90642-561A-4BB1-A94E-469ADEE60C69}") = "renomi.client", "renomi.client\renomi.client.esproj", "{A966D4BF-4310-42B9-9D95-5848E2AD2DE2}"
EndProject
Global
	GlobalSection(SolutionConfigurationPlatforms) = preSolution
		Debug|Any CPU = Debug|Any CPU
		Release|Any CPU = Release|Any CPU
	EndGlobalSection
	GlobalSection(ProjectConfigurationPlatforms) = postSolution
		{9880307C-BC90-41FF-A1A1-6E834827DB8A}.Debug|Any CPU.ActiveCfg = Debug|Any CPU
		{9880307C-BC90-41FF-A1A1-6E834827DB8A}.Debug|Any CPU.Build.0 = Debug|Any CPU
		{9880307C-BC90-41FF-A1A1-6E834827DB8A}.Release|Any CPU.ActiveCfg = Release|Any CPU
		{9880307C-BC90-41FF-A1A1-6E834827DB8A}.Release|Any CPU.Build.0 = Release|Any CPU
		{A966D4BF-4310-42B9-9D95-5848E2AD2DE2}.Debug|Any CPU.ActiveCfg = Debug|Any CPU
		{A966D4BF-4310-42B9-9D95-5848E2AD2DE2}.Debug|Any CPU.Build.0 = Debug|Any CPU
		{A966D4BF-4310-42B9-9D95-5848E2AD2DE2}.Debug|Any CPU.Deploy.0 = Debug|Any CPU
		{A966D4BF-4310-42B9-9D95-5848E2AD2DE2}.Release|Any CPU.ActiveCfg = Release|Any CPU
		{A966D4BF-4310-42B9-9D95-5848E2AD2DE2}.Release|Any CPU.Build.0 = Release|Any CPU
		{A966D4BF-4310-42B9-9D95-5848E2AD2DE2}.Release|Any CPU.Deploy.0 = Release|Any CPU
	EndGlobalSection
	GlobalSection(SolutionProperties) = preSolution
		HideSolutionNode = FALSE
	EndGlobalSection
	GlobalSection(ExtensibilityGlobals) = postSolution
		SolutionGuid = {D114BEEB-F743-4A41-AD13-01F65B55F79F}
	EndGlobalSection
EndGlobal
